// !$*UTF8*$!
{
	archiveVersion = 1;
	classes = {
	};
	objectVersion = 50;
	objects = {

/* Begin PBXBuildFile section */
		E352FF5C24061D97001E31AC /* AppDelegate.swift in Sources */ = {isa = PBXBuildFile; fileRef = E352FF5B24061D97001E31AC /* AppDelegate.swift */; };
		E352FF5E24061D97001E31AC /* SceneDelegate.swift in Sources */ = {isa = PBXBuildFile; fileRef = E352FF5D24061D97001E31AC /* SceneDelegate.swift */; };
		E352FF6324061D97001E31AC /* Main.storyboard in Resources */ = {isa = PBXBuildFile; fileRef = E352FF6124061D97001E31AC /* Main.storyboard */; };
		E352FF6524061D99001E31AC /* Assets.xcassets in Resources */ = {isa = PBXBuildFile; fileRef = E352FF6424061D99001E31AC /* Assets.xcassets */; };
		E352FF6824061D99001E31AC /* LaunchScreen.storyboard in Resources */ = {isa = PBXBuildFile; fileRef = E352FF6624061D99001E31AC /* LaunchScreen.storyboard */; };
		E352FF7E24075FB2001E31AC /* HealthKitSetupAssistant.swift in Sources */ = {isa = PBXBuildFile; fileRef = E352FF7D24075FB2001E31AC /* HealthKitSetupAssistant.swift */; };
		E352FF8224075FC5001E31AC /* HealthKit.framework in Frameworks */ = {isa = PBXBuildFile; fileRef = E352FF8124075FC5001E31AC /* HealthKit.framework */; };
		E352FF842407641B001E31AC /* HealthKitController.swift in Sources */ = {isa = PBXBuildFile; fileRef = E352FF832407641B001E31AC /* HealthKitController.swift */; };
		E352FF8624076C3D001E31AC /* MainViewController.swift in Sources */ = {isa = PBXBuildFile; fileRef = E352FF8524076C3D001E31AC /* MainViewController.swift */; };
		E352FF882408473B001E31AC /* RunRepresentation.swift in Sources */ = {isa = PBXBuildFile; fileRef = E352FF872408473A001E31AC /* RunRepresentation.swift */; };
		E352FF8A2408476B001E31AC /* ShoeRepresentation.swift in Sources */ = {isa = PBXBuildFile; fileRef = E352FF892408476B001E31AC /* ShoeRepresentation.swift */; };
		E352FF8C24085817001E31AC /* User.swift in Sources */ = {isa = PBXBuildFile; fileRef = E352FF8B24085817001E31AC /* User.swift */; };
		E352FF8F24089CD5001E31AC /* WornOut.xcdatamodeld in Sources */ = {isa = PBXBuildFile; fileRef = E352FF8D24089CD4001E31AC /* WornOut.xcdatamodeld */; };
		E352FF912408A4F3001E31AC /* CoreDataStack.swift in Sources */ = {isa = PBXBuildFile; fileRef = E352FF902408A4F3001E31AC /* CoreDataStack.swift */; };
		E352FF9B24099FC7001E31AC /* ShoeController.swift in Sources */ = {isa = PBXBuildFile; fileRef = E352FF9A24099FC7001E31AC /* ShoeController.swift */; };
		E352FF9D2409D353001E31AC /* Shoe+Convenience.swift in Sources */ = {isa = PBXBuildFile; fileRef = E352FF9C2409D353001E31AC /* Shoe+Convenience.swift */; };
		E390158A240C3E4C0030CA1B /* ShoeListTableViewCell.swift in Sources */ = {isa = PBXBuildFile; fileRef = E3901589240C3E4C0030CA1B /* ShoeListTableViewCell.swift */; };
		E390158C240C4BF00030CA1B /* ShoeListHeaderView.swift in Sources */ = {isa = PBXBuildFile; fileRef = E390158B240C4BF00030CA1B /* ShoeListHeaderView.swift */; };
		E390158E240C55AA0030CA1B /* SummaryTableViewCell.swift in Sources */ = {isa = PBXBuildFile; fileRef = E390158D240C55AA0030CA1B /* SummaryTableViewCell.swift */; };
		E3901592240CAB330030CA1B /* AddShoeTableViewController.swift in Sources */ = {isa = PBXBuildFile; fileRef = E3901591240CAB330030CA1B /* AddShoeTableViewController.swift */; };
/* End PBXBuildFile section */

/* Begin PBXFileReference section */
		E352FF5824061D97001E31AC /* Worn Out.app */ = {isa = PBXFileReference; explicitFileType = wrapper.application; includeInIndex = 0; path = "Worn Out.app"; sourceTree = BUILT_PRODUCTS_DIR; };
		E352FF5B24061D97001E31AC /* AppDelegate.swift */ = {isa = PBXFileReference; lastKnownFileType = sourcecode.swift; path = AppDelegate.swift; sourceTree = "<group>"; };
		E352FF5D24061D97001E31AC /* SceneDelegate.swift */ = {isa = PBXFileReference; lastKnownFileType = sourcecode.swift; path = SceneDelegate.swift; sourceTree = "<group>"; };
		E352FF6224061D97001E31AC /* Base */ = {isa = PBXFileReference; lastKnownFileType = file.storyboard; name = Base; path = Base.lproj/Main.storyboard; sourceTree = "<group>"; };
		E352FF6424061D99001E31AC /* Assets.xcassets */ = {isa = PBXFileReference; lastKnownFileType = folder.assetcatalog; path = Assets.xcassets; sourceTree = "<group>"; };
		E352FF6724061D99001E31AC /* Base */ = {isa = PBXFileReference; lastKnownFileType = file.storyboard; name = Base; path = Base.lproj/LaunchScreen.storyboard; sourceTree = "<group>"; };
		E352FF6924061D99001E31AC /* Info.plist */ = {isa = PBXFileReference; lastKnownFileType = text.plist.xml; path = Info.plist; sourceTree = "<group>"; };
		E352FF7D24075FB2001E31AC /* HealthKitSetupAssistant.swift */ = {isa = PBXFileReference; lastKnownFileType = sourcecode.swift; path = HealthKitSetupAssistant.swift; sourceTree = "<group>"; };
		E352FF7F24075FC5001E31AC /* Worn Out.entitlements */ = {isa = PBXFileReference; lastKnownFileType = text.plist.entitlements; path = "Worn Out.entitlements"; sourceTree = "<group>"; };
		E352FF8124075FC5001E31AC /* HealthKit.framework */ = {isa = PBXFileReference; lastKnownFileType = wrapper.framework; name = HealthKit.framework; path = System/Library/Frameworks/HealthKit.framework; sourceTree = SDKROOT; };
		E352FF832407641B001E31AC /* HealthKitController.swift */ = {isa = PBXFileReference; lastKnownFileType = sourcecode.swift; path = HealthKitController.swift; sourceTree = "<group>"; };
		E352FF8524076C3D001E31AC /* MainViewController.swift */ = {isa = PBXFileReference; lastKnownFileType = sourcecode.swift; path = MainViewController.swift; sourceTree = "<group>"; };
		E352FF872408473A001E31AC /* RunRepresentation.swift */ = {isa = PBXFileReference; lastKnownFileType = sourcecode.swift; path = RunRepresentation.swift; sourceTree = "<group>"; };
		E352FF892408476B001E31AC /* ShoeRepresentation.swift */ = {isa = PBXFileReference; lastKnownFileType = sourcecode.swift; path = ShoeRepresentation.swift; sourceTree = "<group>"; };
		E352FF8B24085817001E31AC /* User.swift */ = {isa = PBXFileReference; lastKnownFileType = sourcecode.swift; path = User.swift; sourceTree = "<group>"; };
		E352FF8E24089CD4001E31AC /* WornOut.xcdatamodel */ = {isa = PBXFileReference; lastKnownFileType = wrapper.xcdatamodel; path = WornOut.xcdatamodel; sourceTree = "<group>"; };
		E352FF902408A4F3001E31AC /* CoreDataStack.swift */ = {isa = PBXFileReference; lastKnownFileType = sourcecode.swift; path = CoreDataStack.swift; sourceTree = "<group>"; };
		E352FF9A24099FC7001E31AC /* ShoeController.swift */ = {isa = PBXFileReference; lastKnownFileType = sourcecode.swift; path = ShoeController.swift; sourceTree = "<group>"; };
		E352FF9C2409D353001E31AC /* Shoe+Convenience.swift */ = {isa = PBXFileReference; lastKnownFileType = sourcecode.swift; path = "Shoe+Convenience.swift"; sourceTree = "<group>"; };
		E3901589240C3E4C0030CA1B /* ShoeListTableViewCell.swift */ = {isa = PBXFileReference; lastKnownFileType = sourcecode.swift; path = ShoeListTableViewCell.swift; sourceTree = "<group>"; };
		E390158B240C4BF00030CA1B /* ShoeListHeaderView.swift */ = {isa = PBXFileReference; lastKnownFileType = sourcecode.swift; path = ShoeListHeaderView.swift; sourceTree = "<group>"; };
		E390158D240C55AA0030CA1B /* SummaryTableViewCell.swift */ = {isa = PBXFileReference; lastKnownFileType = sourcecode.swift; path = SummaryTableViewCell.swift; sourceTree = "<group>"; };
		E3901591240CAB330030CA1B /* AddShoeTableViewController.swift */ = {isa = PBXFileReference; lastKnownFileType = sourcecode.swift; path = AddShoeTableViewController.swift; sourceTree = "<group>"; };
/* End PBXFileReference section */

/* Begin PBXFrameworksBuildPhase section */
		E352FF5524061D97001E31AC /* Frameworks */ = {
			isa = PBXFrameworksBuildPhase;
			buildActionMask = 2147483647;
			files = (
				E352FF8224075FC5001E31AC /* HealthKit.framework in Frameworks */,
			);
			runOnlyForDeploymentPostprocessing = 0;
		};
/* End PBXFrameworksBuildPhase section */

/* Begin PBXGroup section */
		E352FF4F24061D97001E31AC = {
			isa = PBXGroup;
			children = (
				E352FF5A24061D97001E31AC /* Worn Out */,
				E352FF5924061D97001E31AC /* Products */,
				E352FF8024075FC5001E31AC /* Frameworks */,
			);
			sourceTree = "<group>";
		};
		E352FF5924061D97001E31AC /* Products */ = {
			isa = PBXGroup;
			children = (
				E352FF5824061D97001E31AC /* Worn Out.app */,
			);
			name = Products;
			sourceTree = "<group>";
		};
		E352FF5A24061D97001E31AC /* Worn Out */ = {
			isa = PBXGroup;
			children = (
				E352FF7F24075FC5001E31AC /* Worn Out.entitlements */,
				E352FF7C24075E7C001E31AC /* Helpers */,
				E352FF7324061DD0001E31AC /* Networking */,
				E352FF7224061DC6001E31AC /* Resources */,
				E352FF7124061DBB001E31AC /* Controllers */,
				E352FF7024061DB5001E31AC /* Models */,
				E352FF6F24061DA9001E31AC /* View Controllers */,
				E352FF5B24061D97001E31AC /* AppDelegate.swift */,
				E352FF5D24061D97001E31AC /* SceneDelegate.swift */,
				E352FF6124061D97001E31AC /* Main.storyboard */,
				E352FF6424061D99001E31AC /* Assets.xcassets */,
				E352FF6624061D99001E31AC /* LaunchScreen.storyboard */,
				E352FF6924061D99001E31AC /* Info.plist */,
			);
			path = "Worn Out";
			sourceTree = "<group>";
		};
		E352FF6F24061DA9001E31AC /* View Controllers */ = {
			isa = PBXGroup;
			children = (
				E352FF8524076C3D001E31AC /* MainViewController.swift */,
				E3901591240CAB330030CA1B /* AddShoeTableViewController.swift */,
			);
			path = "View Controllers";
			sourceTree = "<group>";
		};
		E352FF7024061DB5001E31AC /* Models */ = {
			isa = PBXGroup;
			children = (
				E352FF902408A4F3001E31AC /* CoreDataStack.swift */,
				E352FF8D24089CD4001E31AC /* WornOut.xcdatamodeld */,
				E352FF872408473A001E31AC /* RunRepresentation.swift */,
				E352FF892408476B001E31AC /* ShoeRepresentation.swift */,
				E352FF8B24085817001E31AC /* User.swift */,
				E352FF9C2409D353001E31AC /* Shoe+Convenience.swift */,
			);
			path = Models;
			sourceTree = "<group>";
		};
		E352FF7124061DBB001E31AC /* Controllers */ = {
			isa = PBXGroup;
			children = (
				E352FF832407641B001E31AC /* HealthKitController.swift */,
				E352FF9A24099FC7001E31AC /* ShoeController.swift */,
			);
			path = Controllers;
			sourceTree = "<group>";
		};
		E352FF7224061DC6001E31AC /* Resources */ = {
			isa = PBXGroup;
			children = (
			);
			path = Resources;
			sourceTree = "<group>";
		};
		E352FF7324061DD0001E31AC /* Networking */ = {
			isa = PBXGroup;
			children = (
			);
			path = Networking;
			sourceTree = "<group>";
		};
		E352FF7C24075E7C001E31AC /* Helpers */ = {
			isa = PBXGroup;
			children = (
				E352FF7D24075FB2001E31AC /* HealthKitSetupAssistant.swift */,
			);
			path = Helpers;
			sourceTree = "<group>";
		};
		E352FF8024075FC5001E31AC /* Frameworks */ = {
			isa = PBXGroup;
			children = (
				E352FF8124075FC5001E31AC /* HealthKit.framework */,
			);
			name = Frameworks;
			sourceTree = "<group>";
		};
		E3901588240C3DEA0030CA1B /* Views */ = {
			isa = PBXGroup;
			children = (
				E3901589240C3E4C0030CA1B /* ShoeListTableViewCell.swift */,
				E390158B240C4BF00030CA1B /* ShoeListHeaderView.swift */,
				E390158D240C55AA0030CA1B /* SummaryTableViewCell.swift */,
			);
			path = Views;
			sourceTree = "<group>";
		};
/* End PBXGroup section */

/* Begin PBXNativeTarget section */
		E352FF5724061D97001E31AC /* Worn Out */ = {
			isa = PBXNativeTarget;
			buildConfigurationList = E352FF6C24061D99001E31AC /* Build configuration list for PBXNativeTarget "Worn Out" */;
			buildPhases = (
				E352FF5424061D97001E31AC /* Sources */,
				E352FF5524061D97001E31AC /* Frameworks */,
				E352FF5624061D97001E31AC /* Resources */,
			);
			buildRules = (
			);
			dependencies = (
			);
			name = "Worn Out";
			productName = "Worn Out";
			productReference = E352FF5824061D97001E31AC /* Worn Out.app */;
			productType = "com.apple.product-type.application";
		};
/* End PBXNativeTarget section */

/* Begin PBXProject section */
		E352FF5024061D97001E31AC /* Project object */ = {
			isa = PBXProject;
			attributes = {
				LastSwiftUpdateCheck = 1130;
				LastUpgradeCheck = 1130;
				ORGANIZATIONNAME = "Vici Shaweddy";
				TargetAttributes = {
					E352FF5724061D97001E31AC = {
						CreatedOnToolsVersion = 11.3.1;
					};
				};
			};
			buildConfigurationList = E352FF5324061D97001E31AC /* Build configuration list for PBXProject "Worn Out" */;
			compatibilityVersion = "Xcode 9.3";
			developmentRegion = en;
			hasScannedForEncodings = 0;
			knownRegions = (
				en,
				Base,
			);
			mainGroup = E352FF4F24061D97001E31AC;
			productRefGroup = E352FF5924061D97001E31AC /* Products */;
			projectDirPath = "";
			projectRoot = "";
			targets = (
				E352FF5724061D97001E31AC /* Worn Out */,
			);
		};
/* End PBXProject section */

/* Begin PBXResourcesBuildPhase section */
		E352FF5624061D97001E31AC /* Resources */ = {
			isa = PBXResourcesBuildPhase;
			buildActionMask = 2147483647;
			files = (
				E352FF6824061D99001E31AC /* LaunchScreen.storyboard in Resources */,
				E352FF6524061D99001E31AC /* Assets.xcassets in Resources */,
				E352FF6324061D97001E31AC /* Main.storyboard in Resources */,
			);
			runOnlyForDeploymentPostprocessing = 0;
		};
/* End PBXResourcesBuildPhase section */

/* Begin PBXSourcesBuildPhase section */
		E352FF5424061D97001E31AC /* Sources */ = {
			isa = PBXSourcesBuildPhase;
			buildActionMask = 2147483647;
			files = (
				E352FF9B24099FC7001E31AC /* ShoeController.swift in Sources */,
				E352FF7E24075FB2001E31AC /* HealthKitSetupAssistant.swift in Sources */,
				E352FF882408473B001E31AC /* RunRepresentation.swift in Sources */,
				E352FF8A2408476B001E31AC /* ShoeRepresentation.swift in Sources */,
				E3901592240CAB330030CA1B /* AddShoeTableViewController.swift in Sources */,
				E352FF9D2409D353001E31AC /* Shoe+Convenience.swift in Sources */,
				E352FF5C24061D97001E31AC /* AppDelegate.swift in Sources */,
				E352FF8F24089CD5001E31AC /* WornOut.xcdatamodeld in Sources */,
				E352FF912408A4F3001E31AC /* CoreDataStack.swift in Sources */,
				E352FF8C24085817001E31AC /* User.swift in Sources */,
				E352FF842407641B001E31AC /* HealthKitController.swift in Sources */,
				E352FF5E24061D97001E31AC /* SceneDelegate.swift in Sources */,
				E390158C240C4BF00030CA1B /* ShoeListHeaderView.swift in Sources */,
				E390158E240C55AA0030CA1B /* SummaryTableViewCell.swift in Sources */,
				E352FF8624076C3D001E31AC /* MainViewController.swift in Sources */,
			);
			runOnlyForDeploymentPostprocessing = 0;
		};
/* End PBXSourcesBuildPhase section */

/* Begin PBXVariantGroup section */
		E352FF6124061D97001E31AC /* Main.storyboard */ = {
			isa = PBXVariantGroup;
			children = (
				E352FF6224061D97001E31AC /* Base */,
			);
			name = Main.storyboard;
			sourceTree = "<group>";
		};
		E352FF6624061D99001E31AC /* LaunchScreen.storyboard */ = {
			isa = PBXVariantGroup;
			children = (
				E352FF6724061D99001E31AC /* Base */,
			);
			name = LaunchScreen.storyboard;
			sourceTree = "<group>";
		};
/* End PBXVariantGroup section */

/* Begin XCBuildConfiguration section */
		E352FF6A24061D99001E31AC /* Debug */ = {
			isa = XCBuildConfiguration;
			buildSettings = {
				ALWAYS_SEARCH_USER_PATHS = NO;
				CLANG_ANALYZER_NONNULL = YES;
				CLANG_ANALYZER_NUMBER_OBJECT_CONVERSION = YES_AGGRESSIVE;
				CLANG_CXX_LANGUAGE_STANDARD = "gnu++14";
				CLANG_CXX_LIBRARY = "libc++";
				CLANG_ENABLE_MODULES = YES;
				CLANG_ENABLE_OBJC_ARC = YES;
				CLANG_ENABLE_OBJC_WEAK = YES;
				CLANG_WARN_BLOCK_CAPTURE_AUTORELEASING = YES;
				CLANG_WARN_BOOL_CONVERSION = YES;
				CLANG_WARN_COMMA = YES;
				CLANG_WARN_CONSTANT_CONVERSION = YES;
				CLANG_WARN_DEPRECATED_OBJC_IMPLEMENTATIONS = YES;
				CLANG_WARN_DIRECT_OBJC_ISA_USAGE = YES_ERROR;
				CLANG_WARN_DOCUMENTATION_COMMENTS = YES;
				CLANG_WARN_EMPTY_BODY = YES;
				CLANG_WARN_ENUM_CONVERSION = YES;
				CLANG_WARN_INFINITE_RECURSION = YES;
				CLANG_WARN_INT_CONVERSION = YES;
				CLANG_WARN_NON_LITERAL_NULL_CONVERSION = YES;
				CLANG_WARN_OBJC_IMPLICIT_RETAIN_SELF = YES;
				CLANG_WARN_OBJC_LITERAL_CONVERSION = YES;
				CLANG_WARN_OBJC_ROOT_CLASS = YES_ERROR;
				CLANG_WARN_RANGE_LOOP_ANALYSIS = YES;
				CLANG_WARN_STRICT_PROTOTYPES = YES;
				CLANG_WARN_SUSPICIOUS_MOVE = YES;
				CLANG_WARN_UNGUARDED_AVAILABILITY = YES_AGGRESSIVE;
				CLANG_WARN_UNREACHABLE_CODE = YES;
				CLANG_WARN__DUPLICATE_METHOD_MATCH = YES;
				COPY_PHASE_STRIP = NO;
				DEBUG_INFORMATION_FORMAT = dwarf;
				ENABLE_STRICT_OBJC_MSGSEND = YES;
				ENABLE_TESTABILITY = YES;
				GCC_C_LANGUAGE_STANDARD = gnu11;
				GCC_DYNAMIC_NO_PIC = NO;
				GCC_NO_COMMON_BLOCKS = YES;
				GCC_OPTIMIZATION_LEVEL = 0;
				GCC_PREPROCESSOR_DEFINITIONS = (
					"DEBUG=1",
					"$(inherited)",
				);
				GCC_WARN_64_TO_32_BIT_CONVERSION = YES;
				GCC_WARN_ABOUT_RETURN_TYPE = YES_ERROR;
				GCC_WARN_UNDECLARED_SELECTOR = YES;
				GCC_WARN_UNINITIALIZED_AUTOS = YES_AGGRESSIVE;
				GCC_WARN_UNUSED_FUNCTION = YES;
				GCC_WARN_UNUSED_VARIABLE = YES;
				IPHONEOS_DEPLOYMENT_TARGET = 13.2;
				MTL_ENABLE_DEBUG_INFO = INCLUDE_SOURCE;
				MTL_FAST_MATH = YES;
				ONLY_ACTIVE_ARCH = YES;
				SDKROOT = iphoneos;
				SWIFT_ACTIVE_COMPILATION_CONDITIONS = DEBUG;
				SWIFT_OPTIMIZATION_LEVEL = "-Onone";
			};
			name = Debug;
		};
		E352FF6B24061D99001E31AC /* Release */ = {
			isa = XCBuildConfiguration;
			buildSettings = {
				ALWAYS_SEARCH_USER_PATHS = NO;
				CLANG_ANALYZER_NONNULL = YES;
				CLANG_ANALYZER_NUMBER_OBJECT_CONVERSION = YES_AGGRESSIVE;
				CLANG_CXX_LANGUAGE_STANDARD = "gnu++14";
				CLANG_CXX_LIBRARY = "libc++";
				CLANG_ENABLE_MODULES = YES;
				CLANG_ENABLE_OBJC_ARC = YES;
				CLANG_ENABLE_OBJC_WEAK = YES;
				CLANG_WARN_BLOCK_CAPTURE_AUTORELEASING = YES;
				CLANG_WARN_BOOL_CONVERSION = YES;
				CLANG_WARN_COMMA = YES;
				CLANG_WARN_CONSTANT_CONVERSION = YES;
				CLANG_WARN_DEPRECATED_OBJC_IMPLEMENTATIONS = YES;
				CLANG_WARN_DIRECT_OBJC_ISA_USAGE = YES_ERROR;
				CLANG_WARN_DOCUMENTATION_COMMENTS = YES;
				CLANG_WARN_EMPTY_BODY = YES;
				CLANG_WARN_ENUM_CONVERSION = YES;
				CLANG_WARN_INFINITE_RECURSION = YES;
				CLANG_WARN_INT_CONVERSION = YES;
				CLANG_WARN_NON_LITERAL_NULL_CONVERSION = YES;
				CLANG_WARN_OBJC_IMPLICIT_RETAIN_SELF = YES;
				CLANG_WARN_OBJC_LITERAL_CONVERSION = YES;
				CLANG_WARN_OBJC_ROOT_CLASS = YES_ERROR;
				CLANG_WARN_RANGE_LOOP_ANALYSIS = YES;
				CLANG_WARN_STRICT_PROTOTYPES = YES;
				CLANG_WARN_SUSPICIOUS_MOVE = YES;
				CLANG_WARN_UNGUARDED_AVAILABILITY = YES_AGGRESSIVE;
				CLANG_WARN_UNREACHABLE_CODE = YES;
				CLANG_WARN__DUPLICATE_METHOD_MATCH = YES;
				COPY_PHASE_STRIP = NO;
				DEBUG_INFORMATION_FORMAT = "dwarf-with-dsym";
				ENABLE_NS_ASSERTIONS = NO;
				ENABLE_STRICT_OBJC_MSGSEND = YES;
				GCC_C_LANGUAGE_STANDARD = gnu11;
				GCC_NO_COMMON_BLOCKS = YES;
				GCC_WARN_64_TO_32_BIT_CONVERSION = YES;
				GCC_WARN_ABOUT_RETURN_TYPE = YES_ERROR;
				GCC_WARN_UNDECLARED_SELECTOR = YES;
				GCC_WARN_UNINITIALIZED_AUTOS = YES_AGGRESSIVE;
				GCC_WARN_UNUSED_FUNCTION = YES;
				GCC_WARN_UNUSED_VARIABLE = YES;
				IPHONEOS_DEPLOYMENT_TARGET = 13.2;
				MTL_ENABLE_DEBUG_INFO = NO;
				MTL_FAST_MATH = YES;
				SDKROOT = iphoneos;
				SWIFT_COMPILATION_MODE = wholemodule;
				SWIFT_OPTIMIZATION_LEVEL = "-O";
				VALIDATE_PRODUCT = YES;
			};
			name = Release;
		};
		E352FF6D24061D99001E31AC /* Debug */ = {
			isa = XCBuildConfiguration;
			buildSettings = {
				ASSETCATALOG_COMPILER_APPICON_NAME = AppIcon;
				CODE_SIGN_ENTITLEMENTS = "Worn Out/Worn Out.entitlements";
				CODE_SIGN_STYLE = Automatic;
				DEVELOPMENT_TEAM = ZYPH2NW7MY;
				INFOPLIST_FILE = "Worn Out/Info.plist";
				LD_RUNPATH_SEARCH_PATHS = (
					"$(inherited)",
					"@executable_path/Frameworks",
				);
				PRODUCT_BUNDLE_IDENTIFIER = "com.vicishaweddy.Worn-Out";
				PRODUCT_NAME = "$(TARGET_NAME)";
				SWIFT_VERSION = 5.0;
				TARGETED_DEVICE_FAMILY = "1,2";
			};
			name = Debug;
		};
		E352FF6E24061D99001E31AC /* Release */ = {
			isa = XCBuildConfiguration;
			buildSettings = {
				ASSETCATALOG_COMPILER_APPICON_NAME = AppIcon;
				CODE_SIGN_ENTITLEMENTS = "Worn Out/Worn Out.entitlements";
				CODE_SIGN_STYLE = Automatic;
				DEVELOPMENT_TEAM = ZYPH2NW7MY;
				INFOPLIST_FILE = "Worn Out/Info.plist";
				LD_RUNPATH_SEARCH_PATHS = (
					"$(inherited)",
					"@executable_path/Frameworks",
				);
				PRODUCT_BUNDLE_IDENTIFIER = "com.vicishaweddy.Worn-Out";
				PRODUCT_NAME = "$(TARGET_NAME)";
				SWIFT_VERSION = 5.0;
				TARGETED_DEVICE_FAMILY = "1,2";
			};
			name = Release;
		};
/* End XCBuildConfiguration section */

/* Begin XCConfigurationList section */
		E352FF5324061D97001E31AC /* Build configuration list for PBXProject "Worn Out" */ = {
			isa = XCConfigurationList;
			buildConfigurations = (
				E352FF6A24061D99001E31AC /* Debug */,
				E352FF6B24061D99001E31AC /* Release */,
			);
			defaultConfigurationIsVisible = 0;
			defaultConfigurationName = Release;
		};
		E352FF6C24061D99001E31AC /* Build configuration list for PBXNativeTarget "Worn Out" */ = {
			isa = XCConfigurationList;
			buildConfigurations = (
				E352FF6D24061D99001E31AC /* Debug */,
				E352FF6E24061D99001E31AC /* Release */,
			);
			defaultConfigurationIsVisible = 0;
			defaultConfigurationName = Release;
		};
/* End XCConfigurationList section */

/* Begin XCVersionGroup section */
		E352FF8D24089CD4001E31AC /* WornOut.xcdatamodeld */ = {
			isa = XCVersionGroup;
			children = (
				E352FF8E24089CD4001E31AC /* WornOut.xcdatamodel */,
			);
			currentVersion = E352FF8E24089CD4001E31AC /* WornOut.xcdatamodel */;
			path = WornOut.xcdatamodeld;
			sourceTree = "<group>";
			versionGroupType = wrapper.xcdatamodel;
		};
/* End XCVersionGroup section */
	};
	rootObject = E352FF5024061D97001E31AC /* Project object */;
}
